
Microsoft Visual Studio Solution File, Format Version 12.00
# Visual Studio Version 17
VisualStudioVersion = 17.4.33213.308
MinimumVisualStudioVersion = 10.0.40219.1
Project("{FAE04EC0-301F-11D3-BF4B-00C04F79EFBC}") = "LineCombination", "LineCombination\LineCombination.csproj", "{E6897BD9-97A3-436E-88EF-A9A0A646EF65}"
EndProject
Global
	GlobalSection(SolutionConfigurationPlatforms) = preSolution
		Debug|Any CPU = Debug|Any CPU
		Release|Any CPU = Release|Any CPU
	EndGlobalSection
	GlobalSection(ProjectConfigurationPlatforms) = postSolution
		{E6897BD9-97A3-436E-88EF-A9A0A646EF65}.Debug|Any CPU.ActiveCfg = Debug|Any CPU
		{E6897BD9-97A3-436E-88EF-A9A0A646EF65}.Debug|Any CPU.Build.0 = Debug|Any CPU
		{E6897BD9-97A3-436E-88EF-A9A0A646EF65}.Release|Any CPU.ActiveCfg = Release|Any CPU
		{E6897BD9-97A3-436E-88EF-A9A0A646EF65}.Release|Any CPU.Build.0 = Release|Any CPU
	EndGlobalSection
	GlobalSection(SolutionProperties) = preSolution
		HideSolutionNode = FALSE
	EndGlobalSection
	GlobalSection(ExtensibilityGlobals) = postSolution
		SolutionGuid = {2E435DDF-3B16-46A8-8091-B3D13801C19F}
	EndGlobalSection
EndGlobal
